
Microsoft Visual Studio Solution File, Format Version 12.00
# Visual Studio 2015
Project("{FAE04EC0-301F-11D3-BF4B-00C04F79EFBC}") = "VENATOR.CSharp", "VENATOR.CSharp.csproj", "{D2946E4C-1F93-DA0C-3E65-D43C9A5C1A25}"
EndProject
Global
	GlobalSection(SolutionConfigurationPlatforms) = preSolution
		Debug|Any CPU = Debug|Any CPU
		Release|Any CPU = Release|Any CPU
	EndGlobalSection
	GlobalSection(ProjectConfigurationPlatforms) = postSolution
		{D2946E4C-1F93-DA0C-3E65-D43C9A5C1A25}.Debug|Any CPU.ActiveCfg = Debug|Any CPU
		{D2946E4C-1F93-DA0C-3E65-D43C9A5C1A25}.Debug|Any CPU.Build.0 = Debug|Any CPU
		{D2946E4C-1F93-DA0C-3E65-D43C9A5C1A25}.Release|Any CPU.ActiveCfg = Release|Any CPU
		{D2946E4C-1F93-DA0C-3E65-D43C9A5C1A25}.Release|Any CPU.Build.0 = Release|Any CPU
	EndGlobalSection
	GlobalSection(SolutionProperties) = preSolution
		HideSolutionNode = FALSE
	EndGlobalSection
EndGlobal
